// !$*UTF8*$!
{
	archiveVersion = 1;
	classes = {
	};
	objectVersion = 56;
	objects = {

/* Begin PBXBuildFile section */
		356A54192A84D21F006E22C8 /* ToastLibraryPracticeApp.swift in Sources */ = {isa = PBXBuildFile; fileRef = 356A54182A84D21F006E22C8 /* ToastLibraryPracticeApp.swift */; };
		356A541B2A84D21F006E22C8 /* ContentView.swift in Sources */ = {isa = PBXBuildFile; fileRef = 356A541A2A84D21F006E22C8 /* ContentView.swift */; };
		356A541D2A84D223006E22C8 /* Assets.xcassets in Resources */ = {isa = PBXBuildFile; fileRef = 356A541C2A84D223006E22C8 /* Assets.xcassets */; };
		356A54202A84D223006E22C8 /* Preview Assets.xcassets in Resources */ = {isa = PBXBuildFile; fileRef = 356A541F2A84D223006E22C8 /* Preview Assets.xcassets */; };
		356A542A2A84D223006E22C8 /* ToastLibraryPracticeTests.swift in Sources */ = {isa = PBXBuildFile; fileRef = 356A54292A84D223006E22C8 /* ToastLibraryPracticeTests.swift */; };
		356A54342A84D223006E22C8 /* ToastLibraryPracticeUITests.swift in Sources */ = {isa = PBXBuildFile; fileRef = 356A54332A84D223006E22C8 /* ToastLibraryPracticeUITests.swift */; };
		356A54362A84D223006E22C8 /* ToastLibraryPracticeUITestsLaunchTests.swift in Sources */ = {isa = PBXBuildFile; fileRef = 356A54352A84D223006E22C8 /* ToastLibraryPracticeUITestsLaunchTests.swift */; };
		356A54442A84D39B006E22C8 /* SimpleToast in Frameworks */ = {isa = PBXBuildFile; productRef = 356A54432A84D39B006E22C8 /* SimpleToast */; };
/* End PBXBuildFile section */

/* Begin PBXContainerItemProxy section */
		356A54262A84D223006E22C8 /* PBXContainerItemProxy */ = {
			isa = PBXContainerItemProxy;
			containerPortal = 356A540D2A84D21F006E22C8 /* Project object */;
			proxyType = 1;
			remoteGlobalIDString = 356A54142A84D21F006E22C8;
			remoteInfo = ToastLibraryPractice;
		};
		356A54302A84D223006E22C8 /* PBXContainerItemProxy */ = {
			isa = PBXContainerItemProxy;
			containerPortal = 356A540D2A84D21F006E22C8 /* Project object */;
			proxyType = 1;
			remoteGlobalIDString = 356A54142A84D21F006E22C8;
			remoteInfo = ToastLibraryPractice;
		};
/* End PBXContainerItemProxy section */

/* Begin PBXFileReference section */
		356A54152A84D21F006E22C8 /* ToastLibraryPractice.app */ = {isa = PBXFileReference; explicitFileType = wrapper.application; includeInIndex = 0; path = ToastLibraryPractice.app; sourceTree = BUILT_PRODUCTS_DIR; };
		356A54182A84D21F006E22C8 /* ToastLibraryPracticeApp.swift */ = {isa = PBXFileReference; lastKnownFileType = sourcecode.swift; path = ToastLibraryPracticeApp.swift; sourceTree = "<group>"; };
		356A541A2A84D21F006E22C8 /* ContentView.swift */ = {isa = PBXFileReference; lastKnownFileType = sourcecode.swift; path = ContentView.swift; sourceTree = "<group>"; };
		356A541C2A84D223006E22C8 /* Assets.xcassets */ = {isa = PBXFileReference; lastKnownFileType = folder.assetcatalog; path = Assets.xcassets; sourceTree = "<group>"; };
		356A541F2A84D223006E22C8 /* Preview Assets.xcassets */ = {isa = PBXFileReference; lastKnownFileType = folder.assetcatalog; path = "Preview Assets.xcassets"; sourceTree = "<group>"; };
		356A54252A84D223006E22C8 /* ToastLibraryPracticeTests.xctest */ = {isa = PBXFileReference; explicitFileType = wrapper.cfbundle; includeInIndex = 0; path = ToastLibraryPracticeTests.xctest; sourceTree = BUILT_PRODUCTS_DIR; };
		356A54292A84D223006E22C8 /* ToastLibraryPracticeTests.swift */ = {isa = PBXFileReference; lastKnownFileType = sourcecode.swift; path = ToastLibraryPracticeTests.swift; sourceTree = "<group>"; };
		356A542F2A84D223006E22C8 /* ToastLibraryPracticeUITests.xctest */ = {isa = PBXFileReference; explicitFileType = wrapper.cfbundle; includeInIndex = 0; path = ToastLibraryPracticeUITests.xctest; sourceTree = BUILT_PRODUCTS_DIR; };
		356A54332A84D223006E22C8 /* ToastLibraryPracticeUITests.swift */ = {isa = PBXFileReference; lastKnownFileType = sourcecode.swift; path = ToastLibraryPracticeUITests.swift; sourceTree = "<group>"; };
		356A54352A84D223006E22C8 /* ToastLibraryPracticeUITestsLaunchTests.swift */ = {isa = PBXFileReference; lastKnownFileType = sourcecode.swift; path = ToastLibraryPracticeUITestsLaunchTests.swift; sourceTree = "<group>"; };
/* End PBXFileReference section */

/* Begin PBXFrameworksBuildPhase section */
		356A54122A84D21F006E22C8 /* Frameworks */ = {
			isa = PBXFrameworksBuildPhase;
			buildActionMask = 2147483647;
			files = (
				356A54442A84D39B006E22C8 /* SimpleToast in Frameworks */,
			);
			runOnlyForDeploymentPostprocessing = 0;
		};
		356A54222A84D223006E22C8 /* Frameworks */ = {
			isa = PBXFrameworksBuildPhase;
			buildActionMask = 2147483647;
			files = (
			);
			runOnlyForDeploymentPostprocessing = 0;
		};
		356A542C2A84D223006E22C8 /* Frameworks */ = {
			isa = PBXFrameworksBuildPhase;
			buildActionMask = 2147483647;
			files = (
			);
			runOnlyForDeploymentPostprocessing = 0;
		};
/* End PBXFrameworksBuildPhase section */

/* Begin PBXGroup section */
		356A540C2A84D21F006E22C8 = {
			isa = PBXGroup;
			children = (
				356A54172A84D21F006E22C8 /* ToastLibraryPractice */,
				356A54282A84D223006E22C8 /* ToastLibraryPracticeTests */,
				356A54322A84D223006E22C8 /* ToastLibraryPracticeUITests */,
				356A54162A84D21F006E22C8 /* Products */,
			);
			sourceTree = "<group>";
		};
		356A54162A84D21F006E22C8 /* Products */ = {
			isa = PBXGroup;
			children = (
				356A54152A84D21F006E22C8 /* ToastLibraryPractice.app */,
				356A54252A84D223006E22C8 /* ToastLibraryPracticeTests.xctest */,
				356A542F2A84D223006E22C8 /* ToastLibraryPracticeUITests.xctest */,
			);
			name = Products;
			sourceTree = "<group>";
		};
		356A54172A84D21F006E22C8 /* ToastLibraryPractice */ = {
			isa = PBXGroup;
			children = (
				356A54182A84D21F006E22C8 /* ToastLibraryPracticeApp.swift */,
				356A541A2A84D21F006E22C8 /* ContentView.swift */,
				356A541C2A84D223006E22C8 /* Assets.xcassets */,
				356A541E2A84D223006E22C8 /* Preview Content */,
			);
			path = ToastLibraryPractice;
			sourceTree = "<group>";
		};
		356A541E2A84D223006E22C8 /* Preview Content */ = {
			isa = PBXGroup;
			children = (
				356A541F2A84D223006E22C8 /* Preview Assets.xcassets */,
			);
			path = "Preview Content";
			sourceTree = "<group>";
		};
		356A54282A84D223006E22C8 /* ToastLibraryPracticeTests */ = {
			isa = PBXGroup;
			children = (
				356A54292A84D223006E22C8 /* ToastLibraryPracticeTests.swift */,
			);
			path = ToastLibraryPracticeTests;
			sourceTree = "<group>";
		};
		356A54322A84D223006E22C8 /* ToastLibraryPracticeUITests */ = {
			isa = PBXGroup;
			children = (
				356A54332A84D223006E22C8 /* ToastLibraryPracticeUITests.swift */,
				356A54352A84D223006E22C8 /* ToastLibraryPracticeUITestsLaunchTests.swift */,
			);
			path = ToastLibraryPracticeUITests;
			sourceTree = "<group>";
		};
/* End PBXGroup section */

/* Begin PBXNativeTarget section */
		356A54142A84D21F006E22C8 /* ToastLibraryPractice */ = {
			isa = PBXNativeTarget;
			buildConfigurationList = 356A54392A84D223006E22C8 /* Build configuration list for PBXNativeTarget "ToastLibraryPractice" */;
			buildPhases = (
				356A54112A84D21F006E22C8 /* Sources */,
				356A54122A84D21F006E22C8 /* Frameworks */,
				356A54132A84D21F006E22C8 /* Resources */,
			);
			buildRules = (
			);
			dependencies = (
			);
			name = ToastLibraryPractice;
			packageProductDependencies = (
				356A54432A84D39B006E22C8 /* SimpleToast */,
			);
			productName = ToastLibraryPractice;
			productReference = 356A54152A84D21F006E22C8 /* ToastLibraryPractice.app */;
			productType = "com.apple.product-type.application";
		};
		356A54242A84D223006E22C8 /* ToastLibraryPracticeTests */ = {
			isa = PBXNativeTarget;
			buildConfigurationList = 356A543C2A84D223006E22C8 /* Build configuration list for PBXNativeTarget "ToastLibraryPracticeTests" */;
			buildPhases = (
				356A54212A84D223006E22C8 /* Sources */,
				356A54222A84D223006E22C8 /* Frameworks */,
				356A54232A84D223006E22C8 /* Resources */,
			);
			buildRules = (
			);
			dependencies = (
				356A54272A84D223006E22C8 /* PBXTargetDependency */,
			);
			name = ToastLibraryPracticeTests;
			productName = ToastLibraryPracticeTests;
			productReference = 356A54252A84D223006E22C8 /* ToastLibraryPracticeTests.xctest */;
			productType = "com.apple.product-type.bundle.unit-test";
		};
		356A542E2A84D223006E22C8 /* ToastLibraryPracticeUITests */ = {
			isa = PBXNativeTarget;
			buildConfigurationList = 356A543F2A84D223006E22C8 /* Build configuration list for PBXNativeTarget "ToastLibraryPracticeUITests" */;
			buildPhases = (
				356A542B2A84D223006E22C8 /* Sources */,
				356A542C2A84D223006E22C8 /* Frameworks */,
				356A542D2A84D223006E22C8 /* Resources */,
			);
			buildRules = (
			);
			dependencies = (
				356A54312A84D223006E22C8 /* PBXTargetDependency */,
			);
			name = ToastLibraryPracticeUITests;
			productName = ToastLibraryPracticeUITests;
			productReference = 356A542F2A84D223006E22C8 /* ToastLibraryPracticeUITests.xctest */;
			productType = "com.apple.product-type.bundle.ui-testing";
		};
/* End PBXNativeTarget section */

/* Begin PBXProject section */
		356A540D2A84D21F006E22C8 /* Project object */ = {
			isa = PBXProject;
			attributes = {
				BuildIndependentTargetsInParallel = 1;
				LastSwiftUpdateCheck = 1430;
				LastUpgradeCheck = 1430;
				TargetAttributes = {
					356A54142A84D21F006E22C8 = {
						CreatedOnToolsVersion = 14.3.1;
					};
					356A54242A84D223006E22C8 = {
						CreatedOnToolsVersion = 14.3.1;
						TestTargetID = 356A54142A84D21F006E22C8;
					};
					356A542E2A84D223006E22C8 = {
						CreatedOnToolsVersion = 14.3.1;
						TestTargetID = 356A54142A84D21F006E22C8;
					};
				};
			};
			buildConfigurationList = 356A54102A84D21F006E22C8 /* Build configuration list for PBXProject "ToastLibraryPractice" */;
			compatibilityVersion = "Xcode 14.0";
			developmentRegion = en;
			hasScannedForEncodings = 0;
			knownRegions = (
				en,
				Base,
			);
			mainGroup = 356A540C2A84D21F006E22C8;
			packageReferences = (
				356A54422A84D39B006E22C8 /* XCRemoteSwiftPackageReference "SimpleToast" */,
			);
			productRefGroup = 356A54162A84D21F006E22C8 /* Products */;
			projectDirPath = "";
			projectRoot = "";
			targets = (
				356A54142A84D21F006E22C8 /* ToastLibraryPractice */,
				356A54242A84D223006E22C8 /* ToastLibraryPracticeTests */,
				356A542E2A84D223006E22C8 /* ToastLibraryPracticeUITests */,
			);
		};
/* End PBXProject section */

/* Begin PBXResourcesBuildPhase section */
		356A54132A84D21F006E22C8 /* Resources */ = {
			isa = PBXResourcesBuildPhase;
			buildActionMask = 2147483647;
			files = (
				356A54202A84D223006E22C8 /* Preview Assets.xcassets in Resources */,
				356A541D2A84D223006E22C8 /* Assets.xcassets in Resources */,
			);
			runOnlyForDeploymentPostprocessing = 0;
		};
		356A54232A84D223006E22C8 /* Resources */ = {
			isa = PBXResourcesBuildPhase;
			buildActionMask = 2147483647;
			files = (
			);
			runOnlyForDeploymentPostprocessing = 0;
		};
		356A542D2A84D223006E22C8 /* Resources */ = {
			isa = PBXResourcesBuildPhase;
			buildActionMask = 2147483647;
			files = (
			);
			runOnlyForDeploymentPostprocessing = 0;
		};
/* End PBXResourcesBuildPhase section */

/* Begin PBXSourcesBuildPhase section */
		356A54112A84D21F006E22C8 /* Sources */ = {
			isa = PBXSourcesBuildPhase;
			buildActionMask = 2147483647;
			files = (
				356A541B2A84D21F006E22C8 /* ContentView.swift in Sources */,
				356A54192A84D21F006E22C8 /* ToastLibraryPracticeApp.swift in Sources */,
			);
			runOnlyForDeploymentPostprocessing = 0;
		};
		356A54212A84D223006E22C8 /* Sources */ = {
			isa = PBXSourcesBuildPhase;
			buildActionMask = 2147483647;
			files = (
				356A542A2A84D223006E22C8 /* ToastLibraryPracticeTests.swift in Sources */,
			);
			runOnlyForDeploymentPostprocessing = 0;
		};
		356A542B2A84D223006E22C8 /* Sources */ = {
			isa = PBXSourcesBuildPhase;
			buildActionMask = 2147483647;
			files = (
				356A54342A84D223006E22C8 /* ToastLibraryPracticeUITests.swift in Sources */,
				356A54362A84D223006E22C8 /* ToastLibraryPracticeUITestsLaunchTests.swift in Sources */,
			);
			runOnlyForDeploymentPostprocessing = 0;
		};
/* End PBXSourcesBuildPhase section */

/* Begin PBXTargetDependency section */
		356A54272A84D223006E22C8 /* PBXTargetDependency */ = {
			isa = PBXTargetDependency;
			target = 356A54142A84D21F006E22C8 /* ToastLibraryPractice */;
			targetProxy = 356A54262A84D223006E22C8 /* PBXContainerItemProxy */;
		};
		356A54312A84D223006E22C8 /* PBXTargetDependency */ = {
			isa = PBXTargetDependency;
			target = 356A54142A84D21F006E22C8 /* ToastLibraryPractice */;
			targetProxy = 356A54302A84D223006E22C8 /* PBXContainerItemProxy */;
		};
/* End PBXTargetDependency section */

/* Begin XCBuildConfiguration section */
		356A54372A84D223006E22C8 /* Debug */ = {
			isa = XCBuildConfiguration;
			buildSettings = {
				ALWAYS_SEARCH_USER_PATHS = NO;
				CLANG_ANALYZER_NONNULL = YES;
				CLANG_ANALYZER_NUMBER_OBJECT_CONVERSION = YES_AGGRESSIVE;
				CLANG_CXX_LANGUAGE_STANDARD = "gnu++20";
				CLANG_ENABLE_MODULES = YES;
				CLANG_ENABLE_OBJC_ARC = YES;
				CLANG_ENABLE_OBJC_WEAK = YES;
				CLANG_WARN_BLOCK_CAPTURE_AUTORELEASING = YES;
				CLANG_WARN_BOOL_CONVERSION = YES;
				CLANG_WARN_COMMA = YES;
				CLANG_WARN_CONSTANT_CONVERSION = YES;
				CLANG_WARN_DEPRECATED_OBJC_IMPLEMENTATIONS = YES;
				CLANG_WARN_DIRECT_OBJC_ISA_USAGE = YES_ERROR;
				CLANG_WARN_DOCUMENTATION_COMMENTS = YES;
				CLANG_WARN_EMPTY_BODY = YES;
				CLANG_WARN_ENUM_CONVERSION = YES;
				CLANG_WARN_INFINITE_RECURSION = YES;
				CLANG_WARN_INT_CONVERSION = YES;
				CLANG_WARN_NON_LITERAL_NULL_CONVERSION = YES;
				CLANG_WARN_OBJC_IMPLICIT_RETAIN_SELF = YES;
				CLANG_WARN_OBJC_LITERAL_CONVERSION = YES;
				CLANG_WARN_OBJC_ROOT_CLASS = YES_ERROR;
				CLANG_WARN_QUOTED_INCLUDE_IN_FRAMEWORK_HEADER = YES;
				CLANG_WARN_RANGE_LOOP_ANALYSIS = YES;
				CLANG_WARN_STRICT_PROTOTYPES = YES;
				CLANG_WARN_SUSPICIOUS_MOVE = YES;
				CLANG_WARN_UNGUARDED_AVAILABILITY = YES_AGGRESSIVE;
				CLANG_WARN_UNREACHABLE_CODE = YES;
				CLANG_WARN__DUPLICATE_METHOD_MATCH = YES;
				COPY_PHASE_STRIP = NO;
				DEBUG_INFORMATION_FORMAT = dwarf;
				ENABLE_STRICT_OBJC_MSGSEND = YES;
				ENABLE_TESTABILITY = YES;
				GCC_C_LANGUAGE_STANDARD = gnu11;
				GCC_DYNAMIC_NO_PIC = NO;
				GCC_NO_COMMON_BLOCKS = YES;
				GCC_OPTIMIZATION_LEVEL = 0;
				GCC_PREPROCESSOR_DEFINITIONS = (
					"DEBUG=1",
					"$(inherited)",
				);
				GCC_WARN_64_TO_32_BIT_CONVERSION = YES;
				GCC_WARN_ABOUT_RETURN_TYPE = YES_ERROR;
				GCC_WARN_UNDECLARED_SELECTOR = YES;
				GCC_WARN_UNINITIALIZED_AUTOS = YES_AGGRESSIVE;
				GCC_WARN_UNUSED_FUNCTION = YES;
				GCC_WARN_UNUSED_VARIABLE = YES;
				IPHONEOS_DEPLOYMENT_TARGET = 16.4;
				MTL_ENABLE_DEBUG_INFO = INCLUDE_SOURCE;
				MTL_FAST_MATH = YES;
				ONLY_ACTIVE_ARCH = YES;
				SDKROOT = iphoneos;
				SWIFT_ACTIVE_COMPILATION_CONDITIONS = DEBUG;
				SWIFT_OPTIMIZATION_LEVEL = "-Onone";
			};
			name = Debug;
		};
		356A54382A84D223006E22C8 /* Release */ = {
			isa = XCBuildConfiguration;
			buildSettings = {
				ALWAYS_SEARCH_USER_PATHS = NO;
				CLANG_ANALYZER_NONNULL = YES;
				CLANG_ANALYZER_NUMBER_OBJECT_CONVERSION = YES_AGGRESSIVE;
				CLANG_CXX_LANGUAGE_STANDARD = "gnu++20";
				CLANG_ENABLE_MODULES = YES;
				CLANG_ENABLE_OBJC_ARC = YES;
				CLANG_ENABLE_OBJC_WEAK = YES;
				CLANG_WARN_BLOCK_CAPTURE_AUTORELEASING = YES;
				CLANG_WARN_BOOL_CONVERSION = YES;
				CLANG_WARN_COMMA = YES;
				CLANG_WARN_CONSTANT_CONVERSION = YES;
				CLANG_WARN_DEPRECATED_OBJC_IMPLEMENTATIONS = YES;
				CLANG_WARN_DIRECT_OBJC_ISA_USAGE = YES_ERROR;
				CLANG_WARN_DOCUMENTATION_COMMENTS = YES;
				CLANG_WARN_EMPTY_BODY = YES;
				CLANG_WARN_ENUM_CONVERSION = YES;
				CLANG_WARN_INFINITE_RECURSION = YES;
				CLANG_WARN_INT_CONVERSION = YES;
				CLANG_WARN_NON_LITERAL_NULL_CONVERSION = YES;
				CLANG_WARN_OBJC_IMPLICIT_RETAIN_SELF = YES;
				CLANG_WARN_OBJC_LITERAL_CONVERSION = YES;
				CLANG_WARN_OBJC_ROOT_CLASS = YES_ERROR;
				CLANG_WARN_QUOTED_INCLUDE_IN_FRAMEWORK_HEADER = YES;
				CLANG_WARN_RANGE_LOOP_ANALYSIS = YES;
				CLANG_WARN_STRICT_PROTOTYPES = YES;
				CLANG_WARN_SUSPICIOUS_MOVE = YES;
				CLANG_WARN_UNGUARDED_AVAILABILITY = YES_AGGRESSIVE;
				CLANG_WARN_UNREACHABLE_CODE = YES;
				CLANG_WARN__DUPLICATE_METHOD_MATCH = YES;
				COPY_PHASE_STRIP = NO;
				DEBUG_INFORMATION_FORMAT = "dwarf-with-dsym";
				ENABLE_NS_ASSERTIONS = NO;
				ENABLE_STRICT_OBJC_MSGSEND = YES;
				GCC_C_LANGUAGE_STANDARD = gnu11;
				GCC_NO_COMMON_BLOCKS = YES;
				GCC_WARN_64_TO_32_BIT_CONVERSION = YES;
				GCC_WARN_ABOUT_RETURN_TYPE = YES_ERROR;
				GCC_WARN_UNDECLARED_SELECTOR = YES;
				GCC_WARN_UNINITIALIZED_AUTOS = YES_AGGRESSIVE;
				GCC_WARN_UNUSED_FUNCTION = YES;
				GCC_WARN_UNUSED_VARIABLE = YES;
				IPHONEOS_DEPLOYMENT_TARGET = 16.4;
				MTL_ENABLE_DEBUG_INFO = NO;
				MTL_FAST_MATH = YES;
				SDKROOT = iphoneos;
				SWIFT_COMPILATION_MODE = wholemodule;
				SWIFT_OPTIMIZATION_LEVEL = "-O";
				VALIDATE_PRODUCT = YES;
			};
			name = Release;
		};
		356A543A2A84D223006E22C8 /* Debug */ = {
			isa = XCBuildConfiguration;
			buildSettings = {
				ASSETCATALOG_COMPILER_APPICON_NAME = AppIcon;
				ASSETCATALOG_COMPILER_GLOBAL_ACCENT_COLOR_NAME = AccentColor;
				CODE_SIGN_STYLE = Automatic;
				CURRENT_PROJECT_VERSION = 1;
				DEVELOPMENT_ASSET_PATHS = "\"ToastLibraryPractice/Preview Content\"";
				ENABLE_PREVIEWS = YES;
				GENERATE_INFOPLIST_FILE = YES;
				INFOPLIST_KEY_UIApplicationSceneManifest_Generation = YES;
				INFOPLIST_KEY_UIApplicationSupportsIndirectInputEvents = YES;
				INFOPLIST_KEY_UILaunchScreen_Generation = YES;
				INFOPLIST_KEY_UISupportedInterfaceOrientations_iPad = "UIInterfaceOrientationPortrait UIInterfaceOrientationPortraitUpsideDown UIInterfaceOrientationLandscapeLeft UIInterfaceOrientationLandscapeRight";
				INFOPLIST_KEY_UISupportedInterfaceOrientations_iPhone = "UIInterfaceOrientationPortrait UIInterfaceOrientationLandscapeLeft UIInterfaceOrientationLandscapeRight";
				LD_RUNPATH_SEARCH_PATHS = (
					"$(inherited)",
					"@executable_path/Frameworks",
				);
				MARKETING_VERSION = 1.0;
				PRODUCT_BUNDLE_IDENTIFIER = yejin.ToastLibraryPractice;
				PRODUCT_NAME = "$(TARGET_NAME)";
				SWIFT_EMIT_LOC_STRINGS = YES;
				SWIFT_VERSION = 5.0;
				TARGETED_DEVICE_FAMILY = "1,2";
			};
			name = Debug;
		};
		356A543B2A84D223006E22C8 /* Release */ = {
			isa = XCBuildConfiguration;
			buildSettings = {
				ASSETCATALOG_COMPILER_APPICON_NAME = AppIcon;
				ASSETCATALOG_COMPILER_GLOBAL_ACCENT_COLOR_NAME = AccentColor;
				CODE_SIGN_STYLE = Automatic;
				CURRENT_PROJECT_VERSION = 1;
				DEVELOPMENT_ASSET_PATHS = "\"ToastLibraryPractice/Preview Content\"";
				ENABLE_PREVIEWS = YES;
				GENERATE_INFOPLIST_FILE = YES;
				INFOPLIST_KEY_UIApplicationSceneManifest_Generation = YES;
				INFOPLIST_KEY_UIApplicationSupportsIndirectInputEvents = YES;
				INFOPLIST_KEY_UILaunchScreen_Generation = YES;
				INFOPLIST_KEY_UISupportedInterfaceOrientations_iPad = "UIInterfaceOrientationPortrait UIInterfaceOrientationPortraitUpsideDown UIInterfaceOrientationLandscapeLeft UIInterfaceOrientationLandscapeRight";
				INFOPLIST_KEY_UISupportedInterfaceOrientations_iPhone = "UIInterfaceOrientationPortrait UIInterfaceOrientationLandscapeLeft UIInterfaceOrientationLandscapeRight";
				LD_RUNPATH_SEARCH_PATHS = (
					"$(inherited)",
					"@executable_path/Frameworks",
				);
				MARKETING_VERSION = 1.0;
				PRODUCT_BUNDLE_IDENTIFIER = yejin.ToastLibraryPractice;
				PRODUCT_NAME = "$(TARGET_NAME)";
				SWIFT_EMIT_LOC_STRINGS = YES;
				SWIFT_VERSION = 5.0;
				TARGETED_DEVICE_FAMILY = "1,2";
			};
			name = Release;
		};
		356A543D2A84D223006E22C8 /* Debug */ = {
			isa = XCBuildConfiguration;
			buildSettings = {
				ALWAYS_EMBED_SWIFT_STANDARD_LIBRARIES = YES;
				BUNDLE_LOADER = "$(TEST_HOST)";
				CODE_SIGN_STYLE = Automatic;
				CURRENT_PROJECT_VERSION = 1;
				GENERATE_INFOPLIST_FILE = YES;
				IPHONEOS_DEPLOYMENT_TARGET = 16.4;
				MARKETING_VERSION = 1.0;
				PRODUCT_BUNDLE_IDENTIFIER = yejin.ToastLibraryPracticeTests;
				PRODUCT_NAME = "$(TARGET_NAME)";
				SWIFT_EMIT_LOC_STRINGS = NO;
				SWIFT_VERSION = 5.0;
				TARGETED_DEVICE_FAMILY = "1,2";
				TEST_HOST = "$(BUILT_PRODUCTS_DIR)/ToastLibraryPractice.app/$(BUNDLE_EXECUTABLE_FOLDER_PATH)/ToastLibraryPractice";
			};
			name = Debug;
		};
		356A543E2A84D223006E22C8 /* Release */ = {
			isa = XCBuildConfiguration;
			buildSettings = {
				ALWAYS_EMBED_SWIFT_STANDARD_LIBRARIES = YES;
				BUNDLE_LOADER = "$(TEST_HOST)";
				CODE_SIGN_STYLE = Automatic;
				CURRENT_PROJECT_VERSION = 1;
				GENERATE_INFOPLIST_FILE = YES;
				IPHONEOS_DEPLOYMENT_TARGET = 16.4;
				MARKETING_VERSION = 1.0;
				PRODUCT_BUNDLE_IDENTIFIER = yejin.ToastLibraryPracticeTests;
				PRODUCT_NAME = "$(TARGET_NAME)";
				SWIFT_EMIT_LOC_STRINGS = NO;
				SWIFT_VERSION = 5.0;
				TARGETED_DEVICE_FAMILY = "1,2";
				TEST_HOST = "$(BUILT_PRODUCTS_DIR)/ToastLibraryPractice.app/$(BUNDLE_EXECUTABLE_FOLDER_PATH)/ToastLibraryPractice";
			};
			name = Release;
		};
		356A54402A84D223006E22C8 /* Debug */ = {
			isa = XCBuildConfiguration;
			buildSettings = {
				ALWAYS_EMBED_SWIFT_STANDARD_LIBRARIES = YES;
				CODE_SIGN_STYLE = Automatic;
				CURRENT_PROJECT_VERSION = 1;
				GENERATE_INFOPLIST_FILE = YES;
				MARKETING_VERSION = 1.0;
				PRODUCT_BUNDLE_IDENTIFIER = yejin.ToastLibraryPracticeUITests;
				PRODUCT_NAME = "$(TARGET_NAME)";
				SWIFT_EMIT_LOC_STRINGS = NO;
				SWIFT_VERSION = 5.0;
				TARGETED_DEVICE_FAMILY = "1,2";
				TEST_TARGET_NAME = ToastLibraryPractice;
			};
			name = Debug;
		};
		356A54412A84D223006E22C8 /* Release */ = {
			isa = XCBuildConfiguration;
			buildSettings = {
				ALWAYS_EMBED_SWIFT_STANDARD_LIBRARIES = YES;
				CODE_SIGN_STYLE = Automatic;
				CURRENT_PROJECT_VERSION = 1;
				GENERATE_INFOPLIST_FILE = YES;
				MARKETING_VERSION = 1.0;
				PRODUCT_BUNDLE_IDENTIFIER = yejin.ToastLibraryPracticeUITests;
				PRODUCT_NAME = "$(TARGET_NAME)";
				SWIFT_EMIT_LOC_STRINGS = NO;
				SWIFT_VERSION = 5.0;
				TARGETED_DEVICE_FAMILY = "1,2";
				TEST_TARGET_NAME = ToastLibraryPractice;
			};
			name = Release;
		};
/* End XCBuildConfiguration section */

/* Begin XCConfigurationList section */
		356A54102A84D21F006E22C8 /* Build configuration list for PBXProject "ToastLibraryPractice" */ = {
			isa = XCConfigurationList;
			buildConfigurations = (
				356A54372A84D223006E22C8 /* Debug */,
				356A54382A84D223006E22C8 /* Release */,
			);
			defaultConfigurationIsVisible = 0;
			defaultConfigurationName = Release;
		};
		356A54392A84D223006E22C8 /* Build configuration list for PBXNativeTarget "ToastLibraryPractice" */ = {
			isa = XCConfigurationList;
			buildConfigurations = (
				356A543A2A84D223006E22C8 /* Debug */,
				356A543B2A84D223006E22C8 /* Release */,
			);
			defaultConfigurationIsVisible = 0;
			defaultConfigurationName = Release;
		};
		356A543C2A84D223006E22C8 /* Build configuration list for PBXNativeTarget "ToastLibraryPracticeTests" */ = {
			isa = XCConfigurationList;
			buildConfigurations = (
				356A543D2A84D223006E22C8 /* Debug */,
				356A543E2A84D223006E22C8 /* Release */,
			);
			defaultConfigurationIsVisible = 0;
			defaultConfigurationName = Release;
		};
		356A543F2A84D223006E22C8 /* Build configuration list for PBXNativeTarget "ToastLibraryPracticeUITests" */ = {
			isa = XCConfigurationList;
			buildConfigurations = (
				356A54402A84D223006E22C8 /* Debug */,
				356A54412A84D223006E22C8 /* Release */,
			);
			defaultConfigurationIsVisible = 0;
			defaultConfigurationName = Release;
		};
/* End XCConfigurationList section */

/* Begin XCRemoteSwiftPackageReference section */
		356A54422A84D39B006E22C8 /* XCRemoteSwiftPackageReference "SimpleToast" */ = {
			isa = XCRemoteSwiftPackageReference;
			repositoryURL = "https://github.com/sanzaru/SimpleToast.git";
			requirement = {
				kind = upToNextMajorVersion;
				minimumVersion = 0.7.2;
			};
		};
/* End XCRemoteSwiftPackageReference section */

/* Begin XCSwiftPackageProductDependency section */
		356A54432A84D39B006E22C8 /* SimpleToast */ = {
			isa = XCSwiftPackageProductDependency;
			package = 356A54422A84D39B006E22C8 /* XCRemoteSwiftPackageReference "SimpleToast" */;
			productName = SimpleToast;
		};
/* End XCSwiftPackageProductDependency section */
	};
	rootObject = 356A540D2A84D21F006E22C8 /* Project object */;
}
